
Microsoft Visual Studio Solution File, Format Version 12.00
# Visual Studio Version 16
VisualStudioVersion = 16.0.31005.135
MinimumVisualStudioVersion = 10.0.40219.1
Project("{FAE04EC0-301F-11D3-BF4B-00C04F79EFBC}") = "(NAME)", "(NAME).csproj", "{F3015166-F500-446C-87FF-AA76CC17CA3B}"
EndProject
Global
	GlobalSection(SolutionConfigurationPlatforms) = preSolution
		Debug|Any CPU = Debug|Any CPU
		Release|Any CPU = Release|Any CPU
	EndGlobalSection
	GlobalSection(ProjectConfigurationPlatforms) = postSolution
		{F3015166-F500-446C-87FF-AA76CC17CA3B}.Debug|Any CPU.ActiveCfg = Debug|Any CPU
		{F3015166-F500-446C-87FF-AA76CC17CA3B}.Debug|Any CPU.Build.0 = Debug|Any CPU
		{F3015166-F500-446C-87FF-AA76CC17CA3B}.Release|Any CPU.ActiveCfg = Release|Any CPU
		{F3015166-F500-446C-87FF-AA76CC17CA3B}.Release|Any CPU.Build.0 = Release|Any CPU
	EndGlobalSection
	GlobalSection(SolutionProperties) = preSolution
		HideSolutionNode = FALSE
	EndGlobalSection
	GlobalSection(ExtensibilityGlobals) = postSolution
		SolutionGuid = {65D744DD-182D-469D-A93F-049143D7006F}
	EndGlobalSection
EndGlobal
